
Microsoft Visual Studio Solution File, Format Version 12.00
# Visual Studio Version 17
VisualStudioVersion = 17.13.35818.85
MinimumVisualStudioVersion = 10.0.40219.1
Project("{8BC9CEB8-8B4A-11D0-8D11-00A0C91BC942}") = "LLoader", "Engine\Source\LLoader\LLoader.vcxproj", "{84C36928-B66E-4EBF-98AB-A671BA29014F}"
EndProject
Project("{2150E333-8FDC-42A3-9474-1A3956D46DE8}") = "3rdParty", "3rdParty", "{02EA681E-C7D8-13C7-8484-4AC65E1B71E8}"
EndProject
Project("{8BC9CEB8-8B4A-11D0-8D11-00A0C91BC942}") = "DirectXTex", "Engine\3rd\DirectXTex\DirectXTex\DirectXTex_Desktop_2019_Win10.vcxproj", "{371B9FA9-4C90-4AC6-A123-ACED756D6C77}"
EndProject
Project("{8BC9CEB8-8B4A-11D0-8D11-00A0C91BC942}") = "Effects11", "Engine\3rd\FX11\Effects11_2019_Win10.vcxproj", "{DF460EAB-570D-4B50-9089-2E2FC801BF38}"
EndProject
Project("{8BC9CEB8-8B4A-11D0-8D11-00A0C91BC942}") = "Runtime", "Engine\Source\Runtime\Runtime.vcxproj", "{B3DAD8F7-26B1-4F23-9F53-27A48D0AE615}"
EndProject
Project("{8BC9CEB8-8B4A-11D0-8D11-00A0C91BC942}") = "Maths", "Engine\Source\Maths\Maths.vcxproj", "{3A8A6843-DC16-4F5B-A733-B0E5C7AC3698}"
EndProject
Project("{8BC9CEB8-8B4A-11D0-8D11-00A0C91BC942}") = "Editor", "Engine\Source\Editor\Editor.vcxproj", "{9940845C-6C28-4D70-991B-8D331D9EE920}"
EndProject
Global
	GlobalSection(SolutionConfigurationPlatforms) = preSolution
		Debug|x64 = Debug|x64
		Debug|x86 = Debug|x86
		Release|x64 = Release|x64
		Release|x86 = Release|x86
	EndGlobalSection
	GlobalSection(ProjectConfigurationPlatforms) = postSolution
		{84C36928-B66E-4EBF-98AB-A671BA29014F}.Debug|x64.ActiveCfg = Debug|x64
		{84C36928-B66E-4EBF-98AB-A671BA29014F}.Debug|x64.Build.0 = Debug|x64
		{84C36928-B66E-4EBF-98AB-A671BA29014F}.Debug|x86.ActiveCfg = Debug|Win32
		{84C36928-B66E-4EBF-98AB-A671BA29014F}.Debug|x86.Build.0 = Debug|Win32
		{84C36928-B66E-4EBF-98AB-A671BA29014F}.Release|x64.ActiveCfg = Release|x64
		{84C36928-B66E-4EBF-98AB-A671BA29014F}.Release|x64.Build.0 = Release|x64
		{84C36928-B66E-4EBF-98AB-A671BA29014F}.Release|x86.ActiveCfg = Release|Win32
		{84C36928-B66E-4EBF-98AB-A671BA29014F}.Release|x86.Build.0 = Release|Win32
		{371B9FA9-4C90-4AC6-A123-ACED756D6C77}.Debug|x64.ActiveCfg = Debug|x64
		{371B9FA9-4C90-4AC6-A123-ACED756D6C77}.Debug|x64.Build.0 = Debug|x64
		{371B9FA9-4C90-4AC6-A123-ACED756D6C77}.Debug|x86.ActiveCfg = Debug|x64
		{371B9FA9-4C90-4AC6-A123-ACED756D6C77}.Debug|x86.Build.0 = Debug|x64
		{371B9FA9-4C90-4AC6-A123-ACED756D6C77}.Release|x64.ActiveCfg = Release|x64
		{371B9FA9-4C90-4AC6-A123-ACED756D6C77}.Release|x64.Build.0 = Release|x64
		{371B9FA9-4C90-4AC6-A123-ACED756D6C77}.Release|x86.ActiveCfg = Release|x64
		{371B9FA9-4C90-4AC6-A123-ACED756D6C77}.Release|x86.Build.0 = Release|x64
		{DF460EAB-570D-4B50-9089-2E2FC801BF38}.Debug|x64.ActiveCfg = Debug|x64
		{DF460EAB-570D-4B50-9089-2E2FC801BF38}.Debug|x64.Build.0 = Debug|x64
		{DF460EAB-570D-4B50-9089-2E2FC801BF38}.Debug|x86.ActiveCfg = Debug|Win32
		{DF460EAB-570D-4B50-9089-2E2FC801BF38}.Debug|x86.Build.0 = Debug|Win32
		{DF460EAB-570D-4B50-9089-2E2FC801BF38}.Release|x64.ActiveCfg = Release|x64
		{DF460EAB-570D-4B50-9089-2E2FC801BF38}.Release|x64.Build.0 = Release|x64
		{DF460EAB-570D-4B50-9089-2E2FC801BF38}.Release|x86.ActiveCfg = Release|Win32
		{DF460EAB-570D-4B50-9089-2E2FC801BF38}.Release|x86.Build.0 = Release|Win32
		{B3DAD8F7-26B1-4F23-9F53-27A48D0AE615}.Debug|x64.ActiveCfg = Debug|x64
		{B3DAD8F7-26B1-4F23-9F53-27A48D0AE615}.Debug|x64.Build.0 = Debug|x64
		{B3DAD8F7-26B1-4F23-9F53-27A48D0AE615}.Debug|x86.ActiveCfg = Debug|Win32
		{B3DAD8F7-26B1-4F23-9F53-27A48D0AE615}.Debug|x86.Build.0 = Debug|Win32
		{B3DAD8F7-26B1-4F23-9F53-27A48D0AE615}.Release|x64.ActiveCfg = Release|x64
		{B3DAD8F7-26B1-4F23-9F53-27A48D0AE615}.Release|x64.Build.0 = Release|x64
		{B3DAD8F7-26B1-4F23-9F53-27A48D0AE615}.Release|x86.ActiveCfg = Release|Win32
		{B3DAD8F7-26B1-4F23-9F53-27A48D0AE615}.Release|x86.Build.0 = Release|Win32
		{3A8A6843-DC16-4F5B-A733-B0E5C7AC3698}.Debug|x64.ActiveCfg = Debug|x64
		{3A8A6843-DC16-4F5B-A733-B0E5C7AC3698}.Debug|x64.Build.0 = Debug|x64
		{3A8A6843-DC16-4F5B-A733-B0E5C7AC3698}.Debug|x86.ActiveCfg = Debug|Win32
		{3A8A6843-DC16-4F5B-A733-B0E5C7AC3698}.Debug|x86.Build.0 = Debug|Win32
		{3A8A6843-DC16-4F5B-A733-B0E5C7AC3698}.Release|x64.ActiveCfg = Release|x64
		{3A8A6843-DC16-4F5B-A733-B0E5C7AC3698}.Release|x64.Build.0 = Release|x64
		{3A8A6843-DC16-4F5B-A733-B0E5C7AC3698}.Release|x86.ActiveCfg = Release|Win32
		{3A8A6843-DC16-4F5B-A733-B0E5C7AC3698}.Release|x86.Build.0 = Release|Win32
		{9940845C-6C28-4D70-991B-8D331D9EE920}.Debug|x64.ActiveCfg = Debug|x64
		{9940845C-6C28-4D70-991B-8D331D9EE920}.Debug|x64.Build.0 = Debug|x64
		{9940845C-6C28-4D70-991B-8D331D9EE920}.Debug|x86.ActiveCfg = Debug|x64
		{9940845C-6C28-4D70-991B-8D331D9EE920}.Debug|x86.Build.0 = Debug|x64
		{9940845C-6C28-4D70-991B-8D331D9EE920}.Release|x64.ActiveCfg = Release|x64
		{9940845C-6C28-4D70-991B-8D331D9EE920}.Release|x64.Build.0 = Release|x64
		{9940845C-6C28-4D70-991B-8D331D9EE920}.Release|x86.ActiveCfg = Release|x64
		{9940845C-6C28-4D70-991B-8D331D9EE920}.Release|x86.Build.0 = Release|x64
	EndGlobalSection
	GlobalSection(SolutionProperties) = preSolution
		HideSolutionNode = FALSE
	EndGlobalSection
	GlobalSection(NestedProjects) = preSolution
		{371B9FA9-4C90-4AC6-A123-ACED756D6C77} = {02EA681E-C7D8-13C7-8484-4AC65E1B71E8}
		{DF460EAB-570D-4B50-9089-2E2FC801BF38} = {02EA681E-C7D8-13C7-8484-4AC65E1B71E8}
	EndGlobalSection
	GlobalSection(ExtensibilityGlobals) = postSolution
		SolutionGuid = {905C2338-1BAE-4676-92A0-B983EE1867C3}
	EndGlobalSection
EndGlobal
